
Microsoft Visual Studio Solution File, Format Version 12.00
# Visual Studio Version 17
VisualStudioVersion = 17.1.32407.343
MinimumVisualStudioVersion = 10.0.40219.1
Project("{9A19103F-16F7-4668-BE54-9A1E7A4F7556}") = "cab301", "cab301\cab301.csproj", "{B2FC3F53-2702-41E9-B0B1-3FF583A9DF3A}"
EndProject
Global
	GlobalSection(SolutionConfigurationPlatforms) = preSolution
		Debug|Any CPU = Debug|Any CPU
		Release|Any CPU = Release|Any CPU
	EndGlobalSection
	GlobalSection(ProjectConfigurationPlatforms) = postSolution
		{B2FC3F53-2702-41E9-B0B1-3FF583A9DF3A}.Debug|Any CPU.ActiveCfg = Debug|Any CPU
		{B2FC3F53-2702-41E9-B0B1-3FF583A9DF3A}.Debug|Any CPU.Build.0 = Debug|Any CPU
		{B2FC3F53-2702-41E9-B0B1-3FF583A9DF3A}.Release|Any CPU.ActiveCfg = Release|Any CPU
		{B2FC3F53-2702-41E9-B0B1-3FF583A9DF3A}.Release|Any CPU.Build.0 = Release|Any CPU
	EndGlobalSection
	GlobalSection(SolutionProperties) = preSolution
		HideSolutionNode = FALSE
	EndGlobalSection
	GlobalSection(ExtensibilityGlobals) = postSolution
		SolutionGuid = {A493A784-AA1B-450C-AD33-9EE8E9E5D0EE}
	EndGlobalSection
EndGlobal
